// !$*UTF8*$!
{
	archiveVersion = 1;
	classes = {
	};
	objectVersion = 46;
	objects = {

/* Begin PBXBuildFile section */
		B2439C5F19F29E0800D33D4C /* AppDelegate.swift in Sources */ = {isa = PBXBuildFile; fileRef = B2439C5E19F29E0800D33D4C /* AppDelegate.swift */; };
		B2439C6219F29E0800D33D4C /* Positifity.xcdatamodeld in Sources */ = {isa = PBXBuildFile; fileRef = B2439C6019F29E0800D33D4C /* Positifity.xcdatamodeld */; };
		B2439C6419F29E0800D33D4C /* CalendarViewController.swift in Sources */ = {isa = PBXBuildFile; fileRef = B2439C6319F29E0800D33D4C /* CalendarViewController.swift */; };
		B2439C6719F29E0800D33D4C /* Main.storyboard in Resources */ = {isa = PBXBuildFile; fileRef = B2439C6519F29E0800D33D4C /* Main.storyboard */; };
		B2439C6919F29E0800D33D4C /* Images.xcassets in Resources */ = {isa = PBXBuildFile; fileRef = B2439C6819F29E0800D33D4C /* Images.xcassets */; };
		B2439C6C19F29E0800D33D4C /* LaunchScreen.xib in Resources */ = {isa = PBXBuildFile; fileRef = B2439C6A19F29E0800D33D4C /* LaunchScreen.xib */; };
		B2439C7819F29E0800D33D4C /* PositifityTests.swift in Sources */ = {isa = PBXBuildFile; fileRef = B2439C7719F29E0800D33D4C /* PositifityTests.swift */; };
		B2439C9119F2ACCD00D33D4C /* MarkedDate.swift in Sources */ = {isa = PBXBuildFile; fileRef = B2439C9019F2ACCD00D33D4C /* MarkedDate.swift */; };
		B2439C9519F2B8E600D33D4C /* CalendarUtility.swift in Sources */ = {isa = PBXBuildFile; fileRef = B2439C9419F2B8E600D33D4C /* CalendarUtility.swift */; };
		B2439CA119F2C0A600D33D4C /* VRGCalendarView.m in Sources */ = {isa = PBXBuildFile; fileRef = B2439C9819F2C0A600D33D4C /* VRGCalendarView.m */; };
		B2439CA219F2C0A600D33D4C /* UIView+convenience.m in Sources */ = {isa = PBXBuildFile; fileRef = B2439C9A19F2C0A600D33D4C /* UIView+convenience.m */; };
		B2439CA319F2C0A600D33D4C /* NSMutableArray+convenience.m in Sources */ = {isa = PBXBuildFile; fileRef = B2439C9C19F2C0A600D33D4C /* NSMutableArray+convenience.m */; };
		B2439CA419F2C0A600D33D4C /* NSDate+convenience.m in Sources */ = {isa = PBXBuildFile; fileRef = B2439C9E19F2C0A600D33D4C /* NSDate+convenience.m */; };
		B2439CA519F2C0A600D33D4C /* UIColor+expanded.m in Sources */ = {isa = PBXBuildFile; fileRef = B2439CA019F2C0A600D33D4C /* UIColor+expanded.m */; };
		B2439CA719F2E3CA00D33D4C /* ProgressViewController.swift in Sources */ = {isa = PBXBuildFile; fileRef = B2439CA619F2E3CA00D33D4C /* ProgressViewController.swift */; };
		B2439CAD19F2E88D00D33D4C /* SAMultisectorControl.m in Sources */ = {isa = PBXBuildFile; fileRef = B2439CAA19F2E88D00D33D4C /* SAMultisectorControl.m */; };
		B2439CAE19F2E88D00D33D4C /* SAMath.m in Sources */ = {isa = PBXBuildFile; fileRef = B2439CAC19F2E88D00D33D4C /* SAMath.m */; };
		B268583719F3E4AB006AEF8D /* HealthKit.framework in Frameworks */ = {isa = PBXBuildFile; fileRef = B268583619F3E4AB006AEF8D /* HealthKit.framework */; };
		B2BF2A7919F6AD1B00D23D66 /* SettingsViewController.swift in Sources */ = {isa = PBXBuildFile; fileRef = B2BF2A7819F6AD1B00D23D66 /* SettingsViewController.swift */; };
		B2BF2A7B19F6B2A400D23D66 /* UpdateWeightViewController.swift in Sources */ = {isa = PBXBuildFile; fileRef = B2BF2A7A19F6B2A400D23D66 /* UpdateWeightViewController.swift */; };
		B2C4848D19F556C700061FB8 /* TabBarViewController.swift in Sources */ = {isa = PBXBuildFile; fileRef = B2C4848C19F556C700061FB8 /* TabBarViewController.swift */; };
		B2C4848F19F5588300061FB8 /* StartViewController.swift in Sources */ = {isa = PBXBuildFile; fileRef = B2C4848E19F5588300061FB8 /* StartViewController.swift */; };
		B2C4849119F55D4800061FB8 /* launch.jpg in Resources */ = {isa = PBXBuildFile; fileRef = B2C4849019F55D4800061FB8 /* launch.jpg */; };
		B2C4849319F562C500061FB8 /* StartGoalViewController.swift in Sources */ = {isa = PBXBuildFile; fileRef = B2C4849219F562C500061FB8 /* StartGoalViewController.swift */; };
		B2C4849519F5693700061FB8 /* StartEnterCurrentDataViewController.swift in Sources */ = {isa = PBXBuildFile; fileRef = B2C4849419F5693700061FB8 /* StartEnterCurrentDataViewController.swift */; };
		B2C6C09A19FFE3E000A336D0 /* NotificationCenter.framework in Frameworks */ = {isa = PBXBuildFile; fileRef = B2C6C09919FFE3E000A336D0 /* NotificationCenter.framework */; };
		B2C6C09F19FFE3E000A336D0 /* TodayViewController.swift in Sources */ = {isa = PBXBuildFile; fileRef = B2C6C09E19FFE3E000A336D0 /* TodayViewController.swift */; };
		B2C6C0A119FFE3E000A336D0 /* MainInterface.storyboard in Resources */ = {isa = PBXBuildFile; fileRef = B2C6C0A019FFE3E000A336D0 /* MainInterface.storyboard */; };
		B2C6C0A419FFE3E000A336D0 /* PositifityWidget.appex in Embed App Extensions */ = {isa = PBXBuildFile; fileRef = B2C6C09719FFE3E000A336D0 /* PositifityWidget.appex */; settings = {ATTRIBUTES = (RemoveHeadersOnCopy, ); }; };
/* End PBXBuildFile section */

/* Begin PBXContainerItemProxy section */
		B2439C7219F29E0800D33D4C /* PBXContainerItemProxy */ = {
			isa = PBXContainerItemProxy;
			containerPortal = B2439C5119F29E0800D33D4C /* Project object */;
			proxyType = 1;
			remoteGlobalIDString = B2439C5819F29E0800D33D4C;
			remoteInfo = Positifity;
		};
		B2C6C0A219FFE3E000A336D0 /* PBXContainerItemProxy */ = {
			isa = PBXContainerItemProxy;
			containerPortal = B2439C5119F29E0800D33D4C /* Project object */;
			proxyType = 1;
			remoteGlobalIDString = B2C6C09619FFE3E000A336D0;
			remoteInfo = PositifityWidget;
		};
/* End PBXContainerItemProxy section */

/* Begin PBXCopyFilesBuildPhase section */
		B2C6C0A819FFE3E000A336D0 /* Embed App Extensions */ = {
			isa = PBXCopyFilesBuildPhase;
			buildActionMask = 2147483647;
			dstPath = "";
			dstSubfolderSpec = 13;
			files = (
				B2C6C0A419FFE3E000A336D0 /* PositifityWidget.appex in Embed App Extensions */,
			);
			name = "Embed App Extensions";
			runOnlyForDeploymentPostprocessing = 0;
		};
/* End PBXCopyFilesBuildPhase section */

/* Begin PBXFileReference section */
		B2439C5919F29E0800D33D4C /* Positifity.app */ = {isa = PBXFileReference; explicitFileType = wrapper.application; includeInIndex = 0; path = Positifity.app; sourceTree = BUILT_PRODUCTS_DIR; };
		B2439C5D19F29E0800D33D4C /* Info.plist */ = {isa = PBXFileReference; lastKnownFileType = text.plist.xml; path = Info.plist; sourceTree = "<group>"; };
		B2439C5E19F29E0800D33D4C /* AppDelegate.swift */ = {isa = PBXFileReference; lastKnownFileType = sourcecode.swift; path = AppDelegate.swift; sourceTree = "<group>"; };
		B2439C6119F29E0800D33D4C /* Positifity.xcdatamodel */ = {isa = PBXFileReference; lastKnownFileType = wrapper.xcdatamodel; path = Positifity.xcdatamodel; sourceTree = "<group>"; };
		B2439C6319F29E0800D33D4C /* CalendarViewController.swift */ = {isa = PBXFileReference; lastKnownFileType = sourcecode.swift; path = CalendarViewController.swift; sourceTree = "<group>"; };
		B2439C6619F29E0800D33D4C /* Base */ = {isa = PBXFileReference; lastKnownFileType = file.storyboard; name = Base; path = Base.lproj/Main.storyboard; sourceTree = "<group>"; };
		B2439C6819F29E0800D33D4C /* Images.xcassets */ = {isa = PBXFileReference; lastKnownFileType = folder.assetcatalog; path = Images.xcassets; sourceTree = "<group>"; };
		B2439C6B19F29E0800D33D4C /* Base */ = {isa = PBXFileReference; lastKnownFileType = file.xib; name = Base; path = Base.lproj/LaunchScreen.xib; sourceTree = "<group>"; };
		B2439C7119F29E0800D33D4C /* PositifityTests.xctest */ = {isa = PBXFileReference; explicitFileType = wrapper.cfbundle; includeInIndex = 0; path = PositifityTests.xctest; sourceTree = BUILT_PRODUCTS_DIR; };
		B2439C7619F29E0800D33D4C /* Info.plist */ = {isa = PBXFileReference; lastKnownFileType = text.plist.xml; path = Info.plist; sourceTree = "<group>"; };
		B2439C7719F29E0800D33D4C /* PositifityTests.swift */ = {isa = PBXFileReference; lastKnownFileType = sourcecode.swift; path = PositifityTests.swift; sourceTree = "<group>"; };
		B2439C8719F2A5C400D33D4C /* Positifity-Bridging-Header.h */ = {isa = PBXFileReference; lastKnownFileType = sourcecode.c.h; path = "Positifity-Bridging-Header.h"; sourceTree = "<group>"; };
		B2439C9019F2ACCD00D33D4C /* MarkedDate.swift */ = {isa = PBXFileReference; fileEncoding = 4; lastKnownFileType = sourcecode.swift; path = MarkedDate.swift; sourceTree = SOURCE_ROOT; };
		B2439C9419F2B8E600D33D4C /* CalendarUtility.swift */ = {isa = PBXFileReference; fileEncoding = 4; lastKnownFileType = sourcecode.swift; path = CalendarUtility.swift; sourceTree = "<group>"; };
		B2439C9719F2C0A600D33D4C /* VRGCalendarView.h */ = {isa = PBXFileReference; fileEncoding = 4; lastKnownFileType = sourcecode.c.h; path = VRGCalendarView.h; sourceTree = "<group>"; };
		B2439C9819F2C0A600D33D4C /* VRGCalendarView.m */ = {isa = PBXFileReference; fileEncoding = 4; lastKnownFileType = sourcecode.c.objc; path = VRGCalendarView.m; sourceTree = "<group>"; };
		B2439C9919F2C0A600D33D4C /* UIView+convenience.h */ = {isa = PBXFileReference; fileEncoding = 4; lastKnownFileType = sourcecode.c.h; path = "UIView+convenience.h"; sourceTree = "<group>"; };
		B2439C9A19F2C0A600D33D4C /* UIView+convenience.m */ = {isa = PBXFileReference; fileEncoding = 4; lastKnownFileType = sourcecode.c.objc; path = "UIView+convenience.m"; sourceTree = "<group>"; };
		B2439C9B19F2C0A600D33D4C /* NSMutableArray+convenience.h */ = {isa = PBXFileReference; fileEncoding = 4; lastKnownFileType = sourcecode.c.h; path = "NSMutableArray+convenience.h"; sourceTree = "<group>"; };
		B2439C9C19F2C0A600D33D4C /* NSMutableArray+convenience.m */ = {isa = PBXFileReference; fileEncoding = 4; lastKnownFileType = sourcecode.c.objc; path = "NSMutableArray+convenience.m"; sourceTree = "<group>"; };
		B2439C9D19F2C0A600D33D4C /* NSDate+convenience.h */ = {isa = PBXFileReference; fileEncoding = 4; lastKnownFileType = sourcecode.c.h; path = "NSDate+convenience.h"; sourceTree = "<group>"; };
		B2439C9E19F2C0A600D33D4C /* NSDate+convenience.m */ = {isa = PBXFileReference; fileEncoding = 4; lastKnownFileType = sourcecode.c.objc; path = "NSDate+convenience.m"; sourceTree = "<group>"; };
		B2439C9F19F2C0A600D33D4C /* UIColor+expanded.h */ = {isa = PBXFileReference; fileEncoding = 4; lastKnownFileType = sourcecode.c.h; path = "UIColor+expanded.h"; sourceTree = "<group>"; };
		B2439CA019F2C0A600D33D4C /* UIColor+expanded.m */ = {isa = PBXFileReference; fileEncoding = 4; lastKnownFileType = sourcecode.c.objc; path = "UIColor+expanded.m"; sourceTree = "<group>"; };
		B2439CA619F2E3CA00D33D4C /* ProgressViewController.swift */ = {isa = PBXFileReference; fileEncoding = 4; lastKnownFileType = sourcecode.swift; path = ProgressViewController.swift; sourceTree = "<group>"; };
		B2439CA919F2E88D00D33D4C /* SAMultisectorControl.h */ = {isa = PBXFileReference; fileEncoding = 4; lastKnownFileType = sourcecode.c.h; path = SAMultisectorControl.h; sourceTree = "<group>"; };
		B2439CAA19F2E88D00D33D4C /* SAMultisectorControl.m */ = {isa = PBXFileReference; fileEncoding = 4; lastKnownFileType = sourcecode.c.objc; path = SAMultisectorControl.m; sourceTree = "<group>"; };
		B2439CAB19F2E88D00D33D4C /* SAMath.h */ = {isa = PBXFileReference; fileEncoding = 4; lastKnownFileType = sourcecode.c.h; path = SAMath.h; sourceTree = "<group>"; };
		B2439CAC19F2E88D00D33D4C /* SAMath.m */ = {isa = PBXFileReference; fileEncoding = 4; lastKnownFileType = sourcecode.c.objc; path = SAMath.m; sourceTree = "<group>"; };
		B268583519F3E4AB006AEF8D /* Positifity.entitlements */ = {isa = PBXFileReference; lastKnownFileType = text.xml; path = Positifity.entitlements; sourceTree = "<group>"; };
		B268583619F3E4AB006AEF8D /* HealthKit.framework */ = {isa = PBXFileReference; lastKnownFileType = wrapper.framework; name = HealthKit.framework; path = System/Library/Frameworks/HealthKit.framework; sourceTree = SDKROOT; };
		B2BF2A7819F6AD1B00D23D66 /* SettingsViewController.swift */ = {isa = PBXFileReference; fileEncoding = 4; lastKnownFileType = sourcecode.swift; path = SettingsViewController.swift; sourceTree = "<group>"; };
		B2BF2A7A19F6B2A400D23D66 /* UpdateWeightViewController.swift */ = {isa = PBXFileReference; fileEncoding = 4; lastKnownFileType = sourcecode.swift; path = UpdateWeightViewController.swift; sourceTree = "<group>"; };
		B2C4848C19F556C700061FB8 /* TabBarViewController.swift */ = {isa = PBXFileReference; fileEncoding = 4; lastKnownFileType = sourcecode.swift; name = TabBarViewController.swift; path = ../../beta5fixCoreData/TabBarViewController.swift; sourceTree = "<group>"; };
		B2C4848E19F5588300061FB8 /* StartViewController.swift */ = {isa = PBXFileReference; fileEncoding = 4; lastKnownFileType = sourcecode.swift; path = StartViewController.swift; sourceTree = "<group>"; };
		B2C4849019F55D4800061FB8 /* launch.jpg */ = {isa = PBXFileReference; lastKnownFileType = image.jpeg; path = launch.jpg; sourceTree = "<group>"; };
		B2C4849219F562C500061FB8 /* StartGoalViewController.swift */ = {isa = PBXFileReference; fileEncoding = 4; lastKnownFileType = sourcecode.swift; path = StartGoalViewController.swift; sourceTree = "<group>"; };
		B2C4849419F5693700061FB8 /* StartEnterCurrentDataViewController.swift */ = {isa = PBXFileReference; fileEncoding = 4; lastKnownFileType = sourcecode.swift; path = StartEnterCurrentDataViewController.swift; sourceTree = "<group>"; };
		B2C6C09719FFE3E000A336D0 /* PositifityWidget.appex */ = {isa = PBXFileReference; explicitFileType = "wrapper.app-extension"; includeInIndex = 0; path = PositifityWidget.appex; sourceTree = BUILT_PRODUCTS_DIR; };
		B2C6C09919FFE3E000A336D0 /* NotificationCenter.framework */ = {isa = PBXFileReference; lastKnownFileType = wrapper.framework; name = NotificationCenter.framework; path = System/Library/Frameworks/NotificationCenter.framework; sourceTree = SDKROOT; };
		B2C6C09D19FFE3E000A336D0 /* Info.plist */ = {isa = PBXFileReference; lastKnownFileType = text.plist.xml; path = Info.plist; sourceTree = "<group>"; };
		B2C6C09E19FFE3E000A336D0 /* TodayViewController.swift */ = {isa = PBXFileReference; lastKnownFileType = sourcecode.swift; path = TodayViewController.swift; sourceTree = "<group>"; };
		B2C6C0A019FFE3E000A336D0 /* MainInterface.storyboard */ = {isa = PBXFileReference; lastKnownFileType = file.storyboard; path = MainInterface.storyboard; sourceTree = "<group>"; };
		B2C6C0A919FFE5A100A336D0 /* PositifityWidget.entitlements */ = {isa = PBXFileReference; lastKnownFileType = text.xml; path = PositifityWidget.entitlements; sourceTree = "<group>"; };
/* End PBXFileReference section */

/* Begin PBXFrameworksBuildPhase section */
		B2439C5619F29E0800D33D4C /* Frameworks */ = {
			isa = PBXFrameworksBuildPhase;
			buildActionMask = 2147483647;
			files = (
				B268583719F3E4AB006AEF8D /* HealthKit.framework in Frameworks */,
			);
			runOnlyForDeploymentPostprocessing = 0;
		};
		B2439C6E19F29E0800D33D4C /* Frameworks */ = {
			isa = PBXFrameworksBuildPhase;
			buildActionMask = 2147483647;
			files = (
			);
			runOnlyForDeploymentPostprocessing = 0;
		};
		B2C6C09419FFE3E000A336D0 /* Frameworks */ = {
			isa = PBXFrameworksBuildPhase;
			buildActionMask = 2147483647;
			files = (
				B2C6C09A19FFE3E000A336D0 /* NotificationCenter.framework in Frameworks */,
			);
			runOnlyForDeploymentPostprocessing = 0;
		};
/* End PBXFrameworksBuildPhase section */

/* Begin PBXGroup section */
		B2439C5019F29E0800D33D4C = {
			isa = PBXGroup;
			children = (
				B268583619F3E4AB006AEF8D /* HealthKit.framework */,
				B2439C5B19F29E0800D33D4C /* Positifity */,
				B2439C7419F29E0800D33D4C /* PositifityTests */,
				B2C6C09B19FFE3E000A336D0 /* PositifityWidget */,
				B2C6C09819FFE3E000A336D0 /* Frameworks */,
				B2439C5A19F29E0800D33D4C /* Products */,
			);
			sourceTree = "<group>";
		};
		B2439C5A19F29E0800D33D4C /* Products */ = {
			isa = PBXGroup;
			children = (
				B2439C5919F29E0800D33D4C /* Positifity.app */,
				B2439C7119F29E0800D33D4C /* PositifityTests.xctest */,
				B2C6C09719FFE3E000A336D0 /* PositifityWidget.appex */,
			);
			name = Products;
			sourceTree = "<group>";
		};
		B2439C5B19F29E0800D33D4C /* Positifity */ = {
			isa = PBXGroup;
			children = (
				B268583519F3E4AB006AEF8D /* Positifity.entitlements */,
				B2439CA819F2E86700D33D4C /* circlecontrol */,
				B2439C9619F2C09400D33D4C /* calendar */,
				B2439C5E19F29E0800D33D4C /* AppDelegate.swift */,
				B2439C9219F2B81600D33D4C /* ViewControllers */,
				B2439C6519F29E0800D33D4C /* Main.storyboard */,
				B2439C6819F29E0800D33D4C /* Images.xcassets */,
				B2439C6A19F29E0800D33D4C /* LaunchScreen.xib */,
				B2C4849019F55D4800061FB8 /* launch.jpg */,
				B2439C6019F29E0800D33D4C /* Positifity.xcdatamodeld */,
				B2439C9019F2ACCD00D33D4C /* MarkedDate.swift */,
				B2439C5C19F29E0800D33D4C /* Supporting Files */,
				B2439C8719F2A5C400D33D4C /* Positifity-Bridging-Header.h */,
				B2439C9419F2B8E600D33D4C /* CalendarUtility.swift */,
			);
			path = Positifity;
			sourceTree = "<group>";
		};
		B2439C5C19F29E0800D33D4C /* Supporting Files */ = {
			isa = PBXGroup;
			children = (
				B2439C5D19F29E0800D33D4C /* Info.plist */,
			);
			name = "Supporting Files";
			sourceTree = "<group>";
		};
		B2439C7419F29E0800D33D4C /* PositifityTests */ = {
			isa = PBXGroup;
			children = (
				B2439C7719F29E0800D33D4C /* PositifityTests.swift */,
				B2439C7519F29E0800D33D4C /* Supporting Files */,
			);
			path = PositifityTests;
			sourceTree = "<group>";
		};
		B2439C7519F29E0800D33D4C /* Supporting Files */ = {
			isa = PBXGroup;
			children = (
				B2439C7619F29E0800D33D4C /* Info.plist */,
			);
			name = "Supporting Files";
			sourceTree = "<group>";
		};
		B2439C9219F2B81600D33D4C /* ViewControllers */ = {
			isa = PBXGroup;
			children = (
				B2439C6319F29E0800D33D4C /* CalendarViewController.swift */,
				B2439CA619F2E3CA00D33D4C /* ProgressViewController.swift */,
				B2BF2A7A19F6B2A400D23D66 /* UpdateWeightViewController.swift */,
				B2C4848C19F556C700061FB8 /* TabBarViewController.swift */,
				B2BF2A7819F6AD1B00D23D66 /* SettingsViewController.swift */,
				B2C4849419F5693700061FB8 /* StartEnterCurrentDataViewController.swift */,
				B2C4849219F562C500061FB8 /* StartGoalViewController.swift */,
				B2C4848E19F5588300061FB8 /* StartViewController.swift */,
			);
			name = ViewControllers;
			sourceTree = "<group>";
		};
		B2439C9619F2C09400D33D4C /* calendar */ = {
			isa = PBXGroup;
			children = (
				B2439C9719F2C0A600D33D4C /* VRGCalendarView.h */,
				B2439C9819F2C0A600D33D4C /* VRGCalendarView.m */,
				B2439C9919F2C0A600D33D4C /* UIView+convenience.h */,
				B2439C9A19F2C0A600D33D4C /* UIView+convenience.m */,
				B2439C9B19F2C0A600D33D4C /* NSMutableArray+convenience.h */,
				B2439C9C19F2C0A600D33D4C /* NSMutableArray+convenience.m */,
				B2439C9D19F2C0A600D33D4C /* NSDate+convenience.h */,
				B2439C9E19F2C0A600D33D4C /* NSDate+convenience.m */,
				B2439C9F19F2C0A600D33D4C /* UIColor+expanded.h */,
				B2439CA019F2C0A600D33D4C /* UIColor+expanded.m */,
			);
			name = calendar;
			sourceTree = "<group>";
		};
		B2439CA819F2E86700D33D4C /* circlecontrol */ = {
			isa = PBXGroup;
			children = (
				B2439CA919F2E88D00D33D4C /* SAMultisectorControl.h */,
				B2439CAA19F2E88D00D33D4C /* SAMultisectorControl.m */,
				B2439CAB19F2E88D00D33D4C /* SAMath.h */,
				B2439CAC19F2E88D00D33D4C /* SAMath.m */,
			);
			name = circlecontrol;
			sourceTree = "<group>";
		};
		B2C6C09819FFE3E000A336D0 /* Frameworks */ = {
			isa = PBXGroup;
			children = (
				B2C6C09919FFE3E000A336D0 /* NotificationCenter.framework */,
			);
			name = Frameworks;
			sourceTree = "<group>";
		};
		B2C6C09B19FFE3E000A336D0 /* PositifityWidget */ = {
			isa = PBXGroup;
			children = (
				B2C6C0A919FFE5A100A336D0 /* PositifityWidget.entitlements */,
				B2C6C09E19FFE3E000A336D0 /* TodayViewController.swift */,
				B2C6C0A019FFE3E000A336D0 /* MainInterface.storyboard */,
				B2C6C09C19FFE3E000A336D0 /* Supporting Files */,
			);
			path = PositifityWidget;
			sourceTree = "<group>";
		};
		B2C6C09C19FFE3E000A336D0 /* Supporting Files */ = {
			isa = PBXGroup;
			children = (
				B2C6C09D19FFE3E000A336D0 /* Info.plist */,
			);
			name = "Supporting Files";
			sourceTree = "<group>";
		};
/* End PBXGroup section */

/* Begin PBXNativeTarget section */
		B2439C5819F29E0800D33D4C /* Positifity */ = {
			isa = PBXNativeTarget;
			buildConfigurationList = B2439C7B19F29E0800D33D4C /* Build configuration list for PBXNativeTarget "Positifity" */;
			buildPhases = (
				B2439C5519F29E0800D33D4C /* Sources */,
				B2439C5619F29E0800D33D4C /* Frameworks */,
				B2439C5719F29E0800D33D4C /* Resources */,
				B2C6C0A819FFE3E000A336D0 /* Embed App Extensions */,
			);
			buildRules = (
			);
			dependencies = (
				B2C6C0A319FFE3E000A336D0 /* PBXTargetDependency */,
			);
			name = Positifity;
			productName = Positifity;
			productReference = B2439C5919F29E0800D33D4C /* Positifity.app */;
			productType = "com.apple.product-type.application";
		};
		B2439C7019F29E0800D33D4C /* PositifityTests */ = {
			isa = PBXNativeTarget;
			buildConfigurationList = B2439C7E19F29E0800D33D4C /* Build configuration list for PBXNativeTarget "PositifityTests" */;
			buildPhases = (
				B2439C6D19F29E0800D33D4C /* Sources */,
				B2439C6E19F29E0800D33D4C /* Frameworks */,
				B2439C6F19F29E0800D33D4C /* Resources */,
			);
			buildRules = (
			);
			dependencies = (
				B2439C7319F29E0800D33D4C /* PBXTargetDependency */,
			);
			name = PositifityTests;
			productName = PositifityTests;
			productReference = B2439C7119F29E0800D33D4C /* PositifityTests.xctest */;
			productType = "com.apple.product-type.bundle.unit-test";
		};
		B2C6C09619FFE3E000A336D0 /* PositifityWidget */ = {
			isa = PBXNativeTarget;
			buildConfigurationList = B2C6C0A719FFE3E000A336D0 /* Build configuration list for PBXNativeTarget "PositifityWidget" */;
			buildPhases = (
				B2C6C09319FFE3E000A336D0 /* Sources */,
				B2C6C09419FFE3E000A336D0 /* Frameworks */,
				B2C6C09519FFE3E000A336D0 /* Resources */,
			);
			buildRules = (
			);
			dependencies = (
			);
			name = PositifityWidget;
			productName = PositifityWidget;
			productReference = B2C6C09719FFE3E000A336D0 /* PositifityWidget.appex */;
			productType = "com.apple.product-type.app-extension";
		};
/* End PBXNativeTarget section */

/* Begin PBXProject section */
		B2439C5119F29E0800D33D4C /* Project object */ = {
			isa = PBXProject;
			attributes = {
				LastUpgradeCheck = 0600;
				ORGANIZATIONNAME = dna;
				TargetAttributes = {
					B2439C5819F29E0800D33D4C = {
						CreatedOnToolsVersion = 6.0.1;
						DevelopmentTeam = 7SX7NNMX7Q;
						SystemCapabilities = {
							com.apple.ApplicationGroups.iOS = {
								enabled = 1;
							};
							com.apple.HealthKit = {
								enabled = 1;
							};
						};
					};
					B2439C7019F29E0800D33D4C = {
						CreatedOnToolsVersion = 6.0.1;
						TestTargetID = B2439C5819F29E0800D33D4C;
					};
					B2C6C09619FFE3E000A336D0 = {
						CreatedOnToolsVersion = 6.1;
						DevelopmentTeam = 7SX7NNMX7Q;
						SystemCapabilities = {
							com.apple.ApplicationGroups.iOS = {
								enabled = 1;
							};
						};
					};
				};
			};
			buildConfigurationList = B2439C5419F29E0800D33D4C /* Build configuration list for PBXProject "Positifity" */;
			compatibilityVersion = "Xcode 3.2";
			developmentRegion = English;
			hasScannedForEncodings = 0;
			knownRegions = (
				en,
				Base,
			);
			mainGroup = B2439C5019F29E0800D33D4C;
			productRefGroup = B2439C5A19F29E0800D33D4C /* Products */;
			projectDirPath = "";
			projectRoot = "";
			targets = (
				B2439C5819F29E0800D33D4C /* Positifity */,
				B2439C7019F29E0800D33D4C /* PositifityTests */,
				B2C6C09619FFE3E000A336D0 /* PositifityWidget */,
			);
		};
/* End PBXProject section */

/* Begin PBXResourcesBuildPhase section */
		B2439C5719F29E0800D33D4C /* Resources */ = {
			isa = PBXResourcesBuildPhase;
			buildActionMask = 2147483647;
			files = (
				B2439C6719F29E0800D33D4C /* Main.storyboard in Resources */,
				B2C4849119F55D4800061FB8 /* launch.jpg in Resources */,
				B2439C6C19F29E0800D33D4C /* LaunchScreen.xib in Resources */,
				B2439C6919F29E0800D33D4C /* Images.xcassets in Resources */,
			);
			runOnlyForDeploymentPostprocessing = 0;
		};
		B2439C6F19F29E0800D33D4C /* Resources */ = {
			isa = PBXResourcesBuildPhase;
			buildActionMask = 2147483647;
			files = (
			);
			runOnlyForDeploymentPostprocessing = 0;
		};
		B2C6C09519FFE3E000A336D0 /* Resources */ = {
			isa = PBXResourcesBuildPhase;
			buildActionMask = 2147483647;
			files = (
				B2C6C0A119FFE3E000A336D0 /* MainInterface.storyboard in Resources */,
			);
			runOnlyForDeploymentPostprocessing = 0;
		};
/* End PBXResourcesBuildPhase section */

/* Begin PBXSourcesBuildPhase section */
		B2439C5519F29E0800D33D4C /* Sources */ = {
			isa = PBXSourcesBuildPhase;
			buildActionMask = 2147483647;
			files = (
				B2BF2A7B19F6B2A400D23D66 /* UpdateWeightViewController.swift in Sources */,
				B2439CA519F2C0A600D33D4C /* UIColor+expanded.m in Sources */,
				B2439CAD19F2E88D00D33D4C /* SAMultisectorControl.m in Sources */,
				B2439CA119F2C0A600D33D4C /* VRGCalendarView.m in Sources */,
				B2439CA319F2C0A600D33D4C /* NSMutableArray+convenience.m in Sources */,
				B2C4848D19F556C700061FB8 /* TabBarViewController.swift in Sources */,
				B2C4848F19F5588300061FB8 /* StartViewController.swift in Sources */,
				B2439CAE19F2E88D00D33D4C /* SAMath.m in Sources */,
				B2C4849519F5693700061FB8 /* StartEnterCurrentDataViewController.swift in Sources */,
				B2439CA719F2E3CA00D33D4C /* ProgressViewController.swift in Sources */,
				B2C4849319F562C500061FB8 /* StartGoalViewController.swift in Sources */,
				B2439C6419F29E0800D33D4C /* CalendarViewController.swift in Sources */,
				B2439C9519F2B8E600D33D4C /* CalendarUtility.swift in Sources */,
				B2439C5F19F29E0800D33D4C /* AppDelegate.swift in Sources */,
				B2439C6219F29E0800D33D4C /* Positifity.xcdatamodeld in Sources */,
				B2439CA219F2C0A600D33D4C /* UIView+convenience.m in Sources */,
				B2439C9119F2ACCD00D33D4C /* MarkedDate.swift in Sources */,
				B2439CA419F2C0A600D33D4C /* NSDate+convenience.m in Sources */,
				B2BF2A7919F6AD1B00D23D66 /* SettingsViewController.swift in Sources */,
			);
			runOnlyForDeploymentPostprocessing = 0;
		};
		B2439C6D19F29E0800D33D4C /* Sources */ = {
			isa = PBXSourcesBuildPhase;
			buildActionMask = 2147483647;
			files = (
				B2439C7819F29E0800D33D4C /* PositifityTests.swift in Sources */,
			);
			runOnlyForDeploymentPostprocessing = 0;
		};
		B2C6C09319FFE3E000A336D0 /* Sources */ = {
			isa = PBXSourcesBuildPhase;
			buildActionMask = 2147483647;
			files = (
				B2C6C09F19FFE3E000A336D0 /* TodayViewController.swift in Sources */,
			);
			runOnlyForDeploymentPostprocessing = 0;
		};
/* End PBXSourcesBuildPhase section */

/* Begin PBXTargetDependency section */
		B2439C7319F29E0800D33D4C /* PBXTargetDependency */ = {
			isa = PBXTargetDependency;
			target = B2439C5819F29E0800D33D4C /* Positifity */;
			targetProxy = B2439C7219F29E0800D33D4C /* PBXContainerItemProxy */;
		};
		B2C6C0A319FFE3E000A336D0 /* PBXTargetDependency */ = {
			isa = PBXTargetDependency;
			target = B2C6C09619FFE3E000A336D0 /* PositifityWidget */;
			targetProxy = B2C6C0A219FFE3E000A336D0 /* PBXContainerItemProxy */;
		};
/* End PBXTargetDependency section */

/* Begin PBXVariantGroup section */
		B2439C6519F29E0800D33D4C /* Main.storyboard */ = {
			isa = PBXVariantGroup;
			children = (
				B2439C6619F29E0800D33D4C /* Base */,
			);
			name = Main.storyboard;
			sourceTree = "<group>";
		};
		B2439C6A19F29E0800D33D4C /* LaunchScreen.xib */ = {
			isa = PBXVariantGroup;
			children = (
				B2439C6B19F29E0800D33D4C /* Base */,
			);
			name = LaunchScreen.xib;
			sourceTree = "<group>";
		};
/* End PBXVariantGroup section */

/* Begin XCBuildConfiguration section */
		B2439C7919F29E0800D33D4C /* Debug */ = {
			isa = XCBuildConfiguration;
			buildSettings = {
				ALWAYS_SEARCH_USER_PATHS = NO;
				CLANG_CXX_LANGUAGE_STANDARD = "gnu++0x";
				CLANG_CXX_LIBRARY = "libc++";
				CLANG_ENABLE_MODULES = YES;
				CLANG_ENABLE_OBJC_ARC = YES;
				CLANG_WARN_BOOL_CONVERSION = YES;
				CLANG_WARN_CONSTANT_CONVERSION = YES;
				CLANG_WARN_DIRECT_OBJC_ISA_USAGE = YES_ERROR;
				CLANG_WARN_EMPTY_BODY = YES;
				CLANG_WARN_ENUM_CONVERSION = YES;
				CLANG_WARN_INT_CONVERSION = YES;
				CLANG_WARN_OBJC_ROOT_CLASS = YES_ERROR;
				CLANG_WARN_UNREACHABLE_CODE = YES;
				CLANG_WARN__DUPLICATE_METHOD_MATCH = YES;
				"CODE_SIGN_IDENTITY[sdk=iphoneos*]" = "iPhone Developer";
				COPY_PHASE_STRIP = NO;
				ENABLE_STRICT_OBJC_MSGSEND = YES;
				GCC_C_LANGUAGE_STANDARD = gnu99;
				GCC_DYNAMIC_NO_PIC = NO;
				GCC_OPTIMIZATION_LEVEL = 0;
				GCC_PREPROCESSOR_DEFINITIONS = (
					"DEBUG=1",
					"$(inherited)",
				);
				GCC_SYMBOLS_PRIVATE_EXTERN = NO;
				GCC_WARN_64_TO_32_BIT_CONVERSION = YES;
				GCC_WARN_ABOUT_RETURN_TYPE = YES_ERROR;
				GCC_WARN_UNDECLARED_SELECTOR = YES;
				GCC_WARN_UNINITIALIZED_AUTOS = YES_AGGRESSIVE;
				GCC_WARN_UNUSED_FUNCTION = YES;
				GCC_WARN_UNUSED_VARIABLE = YES;
				IPHONEOS_DEPLOYMENT_TARGET = 8.0;
				MTL_ENABLE_DEBUG_INFO = YES;
				ONLY_ACTIVE_ARCH = YES;
				SDKROOT = iphoneos;
				SWIFT_OPTIMIZATION_LEVEL = "-Onone";
			};
			name = Debug;
		};
		B2439C7A19F29E0800D33D4C /* Release */ = {
			isa = XCBuildConfiguration;
			buildSettings = {
				ALWAYS_SEARCH_USER_PATHS = NO;
				CLANG_CXX_LANGUAGE_STANDARD = "gnu++0x";
				CLANG_CXX_LIBRARY = "libc++";
				CLANG_ENABLE_MODULES = YES;
				CLANG_ENABLE_OBJC_ARC = YES;
				CLANG_WARN_BOOL_CONVERSION = YES;
				CLANG_WARN_CONSTANT_CONVERSION = YES;
				CLANG_WARN_DIRECT_OBJC_ISA_USAGE = YES_ERROR;
				CLANG_WARN_EMPTY_BODY = YES;
				CLANG_WARN_ENUM_CONVERSION = YES;
				CLANG_WARN_INT_CONVERSION = YES;
				CLANG_WARN_OBJC_ROOT_CLASS = YES_ERROR;
				CLANG_WARN_UNREACHABLE_CODE = YES;
				CLANG_WARN__DUPLICATE_METHOD_MATCH = YES;
				"CODE_SIGN_IDENTITY[sdk=iphoneos*]" = "iPhone Developer";
				COPY_PHASE_STRIP = YES;
				ENABLE_NS_ASSERTIONS = NO;
				ENABLE_STRICT_OBJC_MSGSEND = YES;
				GCC_C_LANGUAGE_STANDARD = gnu99;
				GCC_WARN_64_TO_32_BIT_CONVERSION = YES;
				GCC_WARN_ABOUT_RETURN_TYPE = YES_ERROR;
				GCC_WARN_UNDECLARED_SELECTOR = YES;
				GCC_WARN_UNINITIALIZED_AUTOS = YES_AGGRESSIVE;
				GCC_WARN_UNUSED_FUNCTION = YES;
				GCC_WARN_UNUSED_VARIABLE = YES;
				IPHONEOS_DEPLOYMENT_TARGET = 8.0;
				MTL_ENABLE_DEBUG_INFO = NO;
				SDKROOT = iphoneos;
				VALIDATE_PRODUCT = YES;
			};
			name = Release;
		};
		B2439C7C19F29E0800D33D4C /* Debug */ = {
			isa = XCBuildConfiguration;
			buildSettings = {
				ASSETCATALOG_COMPILER_APPICON_NAME = AppIcon;
				CLANG_ENABLE_MODULES = YES;
				CODE_SIGN_ENTITLEMENTS = Positifity/Positifity.entitlements;
				CODE_SIGN_IDENTITY = "iPhone Developer";
				"CODE_SIGN_IDENTITY[sdk=iphoneos*]" = "iPhone Developer";
				EMBEDDED_CONTENT_CONTAINS_SWIFT = YES;
				INFOPLIST_FILE = Positifity/Info.plist;
				IPHONEOS_DEPLOYMENT_TARGET = 7.0;
				LD_RUNPATH_SEARCH_PATHS = "$(inherited) @executable_path/Frameworks";
				PRODUCT_NAME = "$(TARGET_NAME)";
				PROVISIONING_PROFILE = "";
				SWIFT_OBJC_BRIDGING_HEADER = "Positifity/Positifity-Bridging-Header.h";
				SWIFT_OPTIMIZATION_LEVEL = "-Onone";
			};
			name = Debug;
		};
		B2439C7D19F29E0800D33D4C /* Release */ = {
			isa = XCBuildConfiguration;
			buildSettings = {
				ASSETCATALOG_COMPILER_APPICON_NAME = AppIcon;
				CLANG_ENABLE_MODULES = YES;
				CODE_SIGN_ENTITLEMENTS = Positifity/Positifity.entitlements;
				CODE_SIGN_IDENTITY = "iPhone Developer";
				"CODE_SIGN_IDENTITY[sdk=iphoneos*]" = "iPhone Developer";
				EMBEDDED_CONTENT_CONTAINS_SWIFT = YES;
				INFOPLIST_FILE = Positifity/Info.plist;
				IPHONEOS_DEPLOYMENT_TARGET = 7.0;
				LD_RUNPATH_SEARCH_PATHS = "$(inherited) @executable_path/Frameworks";
				PRODUCT_NAME = "$(TARGET_NAME)";
				PROVISIONING_PROFILE = "";
				SWIFT_OBJC_BRIDGING_HEADER = "Positifity/Positifity-Bridging-Header.h";
			};
			name = Release;
		};
		B2439C7F19F29E0800D33D4C /* Debug */ = {
			isa = XCBuildConfiguration;
			buildSettings = {
				BUNDLE_LOADER = "$(TEST_HOST)";
				FRAMEWORK_SEARCH_PATHS = (
					"$(SDKROOT)/Developer/Library/Frameworks",
					"$(inherited)",
				);
				GCC_PREPROCESSOR_DEFINITIONS = (
					"DEBUG=1",
					"$(inherited)",
				);
				INFOPLIST_FILE = PositifityTests/Info.plist;
				LD_RUNPATH_SEARCH_PATHS = "$(inherited) @executable_path/Frameworks @loader_path/Frameworks";
				PRODUCT_NAME = "$(TARGET_NAME)";
				TEST_HOST = "$(BUILT_PRODUCTS_DIR)/Positifity.app/Positifity";
			};
			name = Debug;
		};
		B2439C8019F29E0800D33D4C /* Release */ = {
			isa = XCBuildConfiguration;
			buildSettings = {
				BUNDLE_LOADER = "$(TEST_HOST)";
				FRAMEWORK_SEARCH_PATHS = (
					"$(SDKROOT)/Developer/Library/Frameworks",
					"$(inherited)",
				);
				INFOPLIST_FILE = PositifityTests/Info.plist;
				LD_RUNPATH_SEARCH_PATHS = "$(inherited) @executable_path/Frameworks @loader_path/Frameworks";
				PRODUCT_NAME = "$(TARGET_NAME)";
				TEST_HOST = "$(BUILT_PRODUCTS_DIR)/Positifity.app/Positifity";
			};
			name = Release;
		};
		B2C6C0A519FFE3E000A336D0 /* Debug */ = {
			isa = XCBuildConfiguration;
			buildSettings = {
				CODE_SIGN_ENTITLEMENTS = PositifityWidget/PositifityWidget.entitlements;
				CODE_SIGN_IDENTITY = "iPhone Developer";
				"CODE_SIGN_IDENTITY[sdk=iphoneos*]" = "iPhone Developer";
				GCC_PREPROCESSOR_DEFINITIONS = (
					"DEBUG=1",
					"$(inherited)",
				);
				INFOPLIST_FILE = PositifityWidget/Info.plist;
				IPHONEOS_DEPLOYMENT_TARGET = 8.1;
				LD_RUNPATH_SEARCH_PATHS = "$(inherited) @executable_path/Frameworks @executable_path/../../Frameworks";
				PRODUCT_NAME = "$(TARGET_NAME)";
				PROVISIONING_PROFILE = "";
				SKIP_INSTALL = YES;
			};
			name = Debug;
		};
		B2C6C0A619FFE3E000A336D0 /* Release */ = {
			isa = XCBuildConfiguration;
			buildSettings = {
				CODE_SIGN_ENTITLEMENTS = PositifityWidget/PositifityWidget.entitlements;
				CODE_SIGN_IDENTITY = "iPhone Developer";
				"CODE_SIGN_IDENTITY[sdk=iphoneos*]" = "iPhone Developer";
				INFOPLIST_FILE = PositifityWidget/Info.plist;
				IPHONEOS_DEPLOYMENT_TARGET = 8.1;
				LD_RUNPATH_SEARCH_PATHS = "$(inherited) @executable_path/Frameworks @executable_path/../../Frameworks";
				PRODUCT_NAME = "$(TARGET_NAME)";
				PROVISIONING_PROFILE = "";
				SKIP_INSTALL = YES;
			};
			name = Release;
		};
/* End XCBuildConfiguration section */

/* Begin XCConfigurationList section */
		B2439C5419F29E0800D33D4C /* Build configuration list for PBXProject "Positifity" */ = {
			isa = XCConfigurationList;
			buildConfigurations = (
				B2439C7919F29E0800D33D4C /* Debug */,
				B2439C7A19F29E0800D33D4C /* Release */,
			);
			defaultConfigurationIsVisible = 0;
			defaultConfigurationName = Release;
		};
		B2439C7B19F29E0800D33D4C /* Build configuration list for PBXNativeTarget "Positifity" */ = {
			isa = XCConfigurationList;
			buildConfigurations = (
				B2439C7C19F29E0800D33D4C /* Debug */,
				B2439C7D19F29E0800D33D4C /* Release */,
			);
			defaultConfigurationIsVisible = 0;
			defaultConfigurationName = Release;
		};
		B2439C7E19F29E0800D33D4C /* Build configuration list for PBXNativeTarget "PositifityTests" */ = {
			isa = XCConfigurationList;
			buildConfigurations = (
				B2439C7F19F29E0800D33D4C /* Debug */,
				B2439C8019F29E0800D33D4C /* Release */,
			);
			defaultConfigurationIsVisible = 0;
			defaultConfigurationName = Release;
		};
		B2C6C0A719FFE3E000A336D0 /* Build configuration list for PBXNativeTarget "PositifityWidget" */ = {
			isa = XCConfigurationList;
			buildConfigurations = (
				B2C6C0A519FFE3E000A336D0 /* Debug */,
				B2C6C0A619FFE3E000A336D0 /* Release */,
			);
			defaultConfigurationIsVisible = 0;
		};
/* End XCConfigurationList section */

/* Begin XCVersionGroup section */
		B2439C6019F29E0800D33D4C /* Positifity.xcdatamodeld */ = {
			isa = XCVersionGroup;
			children = (
				B2439C6119F29E0800D33D4C /* Positifity.xcdatamodel */,
			);
			currentVersion = B2439C6119F29E0800D33D4C /* Positifity.xcdatamodel */;
			path = Positifity.xcdatamodeld;
			sourceTree = "<group>";
			versionGroupType = wrapper.xcdatamodel;
		};
/* End XCVersionGroup section */
	};
	rootObject = B2439C5119F29E0800D33D4C /* Project object */;
}
